
Microsoft Visual Studio Solution File, Format Version 12.00
# Visual Studio Version 17
VisualStudioVersion = 17.1.32228.430
MinimumVisualStudioVersion = 10.0.40219.1
Project("{FAE04EC0-301F-11D3-BF4B-00C04F79EFBC}") = "Hello", "Hello\Hello.csproj", "{F196705B-EC35-4AB9-B959-12CEF50E4BF8}"
EndProject
Global
	GlobalSection(SolutionConfigurationPlatforms) = preSolution
		Debug|Any CPU = Debug|Any CPU
		Release|Any CPU = Release|Any CPU
	EndGlobalSection
	GlobalSection(ProjectConfigurationPlatforms) = postSolution
		{F196705B-EC35-4AB9-B959-12CEF50E4BF8}.Debug|Any CPU.ActiveCfg = Debug|Any CPU
		{F196705B-EC35-4AB9-B959-12CEF50E4BF8}.Debug|Any CPU.Build.0 = Debug|Any CPU
		{F196705B-EC35-4AB9-B959-12CEF50E4BF8}.Release|Any CPU.ActiveCfg = Release|Any CPU
		{F196705B-EC35-4AB9-B959-12CEF50E4BF8}.Release|Any CPU.Build.0 = Release|Any CPU
	EndGlobalSection
	GlobalSection(SolutionProperties) = preSolution
		HideSolutionNode = FALSE
	EndGlobalSection
	GlobalSection(ExtensibilityGlobals) = postSolution
		SolutionGuid = {B077ACB0-35DE-4931-9665-B700202A9C44}
	EndGlobalSection
EndGlobal
